
Microsoft Visual Studio Solution File, Format Version 12.00
# Visual Studio Version 17
VisualStudioVersion = 17.0.31903.59
MinimumVisualStudioVersion = 10.0.40219.1
Project("{2150E333-8FDC-42A3-9474-1A3956D46DE8}") = "src", "src", "{33D80EED-BD9F-4F0F-B5DF-6C655716589E}"
EndProject
Project("{FAE04EC0-301F-11D3-BF4B-00C04F79EFBC}") = "MinhaApiCore", "src\MinhaApiCore\MinhaApiCore.csproj", "{BCABEB64-04F0-42D0-BEEB-E6A9CBDE9310}"
EndProject
Project("{FAE04EC0-301F-11D3-BF4B-00C04F79EFBC}") = "DevIO.Business", "src\DevIO.Business\DevIO.Business.csproj", "{D91189E2-7EE9-4751-B561-CCF9089D3A00}"
EndProject
Project("{FAE04EC0-301F-11D3-BF4B-00C04F79EFBC}") = "DevIO.Data", "src\DevIO.Data\DevIO.Data.csproj", "{3C57FC47-F626-4E0A-BF7D-2D5919C84390}"
EndProject
Project("{FAE04EC0-301F-11D3-BF4B-00C04F79EFBC}") = "DevIO.Api", "src\DevIO.Api\DevIO.Api.csproj", "{52F73040-FC3A-40F2-8A24-9419231173D1}"
EndProject
Global
	GlobalSection(SolutionConfigurationPlatforms) = preSolution
		Debug|Any CPU = Debug|Any CPU
		Release|Any CPU = Release|Any CPU
	EndGlobalSection
	GlobalSection(SolutionProperties) = preSolution
		HideSolutionNode = FALSE
	EndGlobalSection
	GlobalSection(ProjectConfigurationPlatforms) = postSolution
		{BCABEB64-04F0-42D0-BEEB-E6A9CBDE9310}.Debug|Any CPU.ActiveCfg = Debug|Any CPU
		{BCABEB64-04F0-42D0-BEEB-E6A9CBDE9310}.Debug|Any CPU.Build.0 = Debug|Any CPU
		{BCABEB64-04F0-42D0-BEEB-E6A9CBDE9310}.Release|Any CPU.ActiveCfg = Release|Any CPU
		{BCABEB64-04F0-42D0-BEEB-E6A9CBDE9310}.Release|Any CPU.Build.0 = Release|Any CPU
		{D91189E2-7EE9-4751-B561-CCF9089D3A00}.Debug|Any CPU.ActiveCfg = Debug|Any CPU
		{D91189E2-7EE9-4751-B561-CCF9089D3A00}.Debug|Any CPU.Build.0 = Debug|Any CPU
		{D91189E2-7EE9-4751-B561-CCF9089D3A00}.Release|Any CPU.ActiveCfg = Release|Any CPU
		{D91189E2-7EE9-4751-B561-CCF9089D3A00}.Release|Any CPU.Build.0 = Release|Any CPU
		{3C57FC47-F626-4E0A-BF7D-2D5919C84390}.Debug|Any CPU.ActiveCfg = Debug|Any CPU
		{3C57FC47-F626-4E0A-BF7D-2D5919C84390}.Debug|Any CPU.Build.0 = Debug|Any CPU
		{3C57FC47-F626-4E0A-BF7D-2D5919C84390}.Release|Any CPU.ActiveCfg = Release|Any CPU
		{3C57FC47-F626-4E0A-BF7D-2D5919C84390}.Release|Any CPU.Build.0 = Release|Any CPU
		{52F73040-FC3A-40F2-8A24-9419231173D1}.Debug|Any CPU.ActiveCfg = Debug|Any CPU
		{52F73040-FC3A-40F2-8A24-9419231173D1}.Debug|Any CPU.Build.0 = Debug|Any CPU
		{52F73040-FC3A-40F2-8A24-9419231173D1}.Release|Any CPU.ActiveCfg = Release|Any CPU
		{52F73040-FC3A-40F2-8A24-9419231173D1}.Release|Any CPU.Build.0 = Release|Any CPU
	EndGlobalSection
	GlobalSection(NestedProjects) = preSolution
		{BCABEB64-04F0-42D0-BEEB-E6A9CBDE9310} = {33D80EED-BD9F-4F0F-B5DF-6C655716589E}
		{D91189E2-7EE9-4751-B561-CCF9089D3A00} = {33D80EED-BD9F-4F0F-B5DF-6C655716589E}
		{3C57FC47-F626-4E0A-BF7D-2D5919C84390} = {33D80EED-BD9F-4F0F-B5DF-6C655716589E}
		{52F73040-FC3A-40F2-8A24-9419231173D1} = {33D80EED-BD9F-4F0F-B5DF-6C655716589E}
	EndGlobalSection
EndGlobal
