
Microsoft Visual Studio Solution File, Format Version 12.00
# Visual Studio Version 17
VisualStudioVersion = 17.11.35222.181
MinimumVisualStudioVersion = 10.0.40219.1
Project("{9A19103F-16F7-4668-BE54-9A1E7A4F7556}") = "PrimeiroApp", "PrimeiroApp.csproj", "{8BCBB986-8F88-41DB-8419-A0A3AE4EA0CE}"
EndProject
Global
	GlobalSection(SolutionConfigurationPlatforms) = preSolution
		Debug|Any CPU = Debug|Any CPU
		Release|Any CPU = Release|Any CPU
	EndGlobalSection
	GlobalSection(ProjectConfigurationPlatforms) = postSolution
		{8BCBB986-8F88-41DB-8419-A0A3AE4EA0CE}.Debug|Any CPU.ActiveCfg = Debug|Any CPU
		{8BCBB986-8F88-41DB-8419-A0A3AE4EA0CE}.Debug|Any CPU.Build.0 = Debug|Any CPU
		{8BCBB986-8F88-41DB-8419-A0A3AE4EA0CE}.Release|Any CPU.ActiveCfg = Release|Any CPU
		{8BCBB986-8F88-41DB-8419-A0A3AE4EA0CE}.Release|Any CPU.Build.0 = Release|Any CPU
	EndGlobalSection
	GlobalSection(SolutionProperties) = preSolution
		HideSolutionNode = FALSE
	EndGlobalSection
	GlobalSection(ExtensibilityGlobals) = postSolution
		SolutionGuid = {083D303E-97CC-4732-B54A-A08DA66F4A37}
	EndGlobalSection
EndGlobal
