
Microsoft Visual Studio Solution File, Format Version 12.00
# Visual Studio Version 17
VisualStudioVersion = 17.5.002.0
MinimumVisualStudioVersion = 10.0.40219.1
Project("{9A19103F-16F7-4668-BE54-9A1E7A4F7556}") = "DevIO.Api", "DevIO.Api.csproj", "{202AC273-CC64-4DEE-8128-B43533CB1334}"
EndProject
Global
	GlobalSection(SolutionConfigurationPlatforms) = preSolution
		Debug|Any CPU = Debug|Any CPU
		Release|Any CPU = Release|Any CPU
	EndGlobalSection
	GlobalSection(ProjectConfigurationPlatforms) = postSolution
		{202AC273-CC64-4DEE-8128-B43533CB1334}.Debug|Any CPU.ActiveCfg = Debug|Any CPU
		{202AC273-CC64-4DEE-8128-B43533CB1334}.Debug|Any CPU.Build.0 = Debug|Any CPU
		{202AC273-CC64-4DEE-8128-B43533CB1334}.Release|Any CPU.ActiveCfg = Release|Any CPU
		{202AC273-CC64-4DEE-8128-B43533CB1334}.Release|Any CPU.Build.0 = Release|Any CPU
	EndGlobalSection
	GlobalSection(SolutionProperties) = preSolution
		HideSolutionNode = FALSE
	EndGlobalSection
	GlobalSection(ExtensibilityGlobals) = postSolution
		SolutionGuid = {D2B015B5-AB38-4202-81C3-5EFEDC737973}
	EndGlobalSection
EndGlobal
