
Microsoft Visual Studio Solution File, Format Version 12.00
# Visual Studio Version 17
VisualStudioVersion = 17.12.35514.174 d17.12
MinimumVisualStudioVersion = 10.0.40219.1
Project("{2150E333-8FDC-42A3-9474-1A3956D46DE8}") = "src", "src", "{542F5B70-837E-45A5-BB7C-FD1783BE5B83}"
EndProject
Project("{2150E333-8FDC-42A3-9474-1A3956D46DE8}") = "Building Blocks", "Building Blocks", "{026417F3-7034-4953-8D55-55FA6372C9AD}"
EndProject
Project("{2150E333-8FDC-42A3-9474-1A3956D46DE8}") = "Services", "Services", "{DB723380-E328-4C1F-83D5-AFF8DAA9CDC9}"
EndProject
Project("{2150E333-8FDC-42A3-9474-1A3956D46DE8}") = "Web", "Web", "{8C4AE34F-A657-4AF9-A1CD-C990FFC8C6D0}"
EndProject
Project("{2150E333-8FDC-42A3-9474-1A3956D46DE8}") = "Identidade", "Identidade", "{D70BCA78-184C-4725-AE78-41127D1B0CFE}"
EndProject
Project("{2150E333-8FDC-42A3-9474-1A3956D46DE8}") = "MVC", "MVC", "{4D2E5EF0-3046-4F2A-AC22-87AA3541F154}"
EndProject
Project("{FAE04EC0-301F-11D3-BF4B-00C04F79EFBC}") = "NSE.WebApp.MVC", "src\web\NSE.WebApp.MVC\NSE.WebApp.MVC.csproj", "{2B9CA3E7-5CAC-4E49-AF67-AD63C9D63A2B}"
EndProject
Project("{FAE04EC0-301F-11D3-BF4B-00C04F79EFBC}") = "NSE.Identidade.API", "src\services\NSE.Identidade.API\NSE.Identidade.API.csproj", "{13601837-999E-4592-8AEA-99514CA276E5}"
EndProject
Project("{2150E333-8FDC-42A3-9474-1A3956D46DE8}") = "Core", "Core", "{9A2F816D-1D87-4034-970F-6B17B497E761}"
EndProject
Project("{FAE04EC0-301F-11D3-BF4B-00C04F79EFBC}") = "NSE.Core", "src\building blocks\NSE.Core\NSE.Core.csproj", "{695DEF78-97C3-4265-8DD2-D99C2C7899CD}"
EndProject
Project("{2150E333-8FDC-42A3-9474-1A3956D46DE8}") = "Carrinho", "Carrinho", "{56E77845-9149-46F8-BC13-5BDC47FAC50B}"
EndProject
Project("{FAE04EC0-301F-11D3-BF4B-00C04F79EFBC}") = "NSE.Carrinho.API", "src\services\NSE.Carrinho.API\NSE.Carrinho.API.csproj", "{4F69BEEB-BDA9-4133-825B-82087AD18253}"
EndProject
Project("{2150E333-8FDC-42A3-9474-1A3956D46DE8}") = "Cliente", "Cliente", "{2EA6403E-42F4-4F8E-AC62-B38F7B32A1B5}"
EndProject
Project("{FAE04EC0-301F-11D3-BF4B-00C04F79EFBC}") = "NSE.Cliente.API", "src\services\NSE.Cliente.API\NSE.Cliente.API.csproj", "{D3EF9DD3-2969-40E3-8BFF-52EF08C39CF9}"
EndProject
Project("{2150E333-8FDC-42A3-9474-1A3956D46DE8}") = "Catalogo", "Catalogo", "{2F4F362C-E79D-4975-BCAA-0CCA375D2A4E}"
EndProject
Project("{FAE04EC0-301F-11D3-BF4B-00C04F79EFBC}") = "NSE.Catalogo.API", "src\services\NSE.Catalogo.API\NSE.Catalogo.API.csproj", "{91C6397B-7065-43B1-8C44-ED74F9307621}"
EndProject
Project("{2150E333-8FDC-42A3-9474-1A3956D46DE8}") = "Pagamento", "Pagamento", "{7C254251-757E-453B-9E6D-CEEE6F4FD6D8}"
EndProject
Project("{2150E333-8FDC-42A3-9474-1A3956D46DE8}") = "Pedido", "Pedido", "{BEA5033F-3BBC-4B3A-B2B4-614D5A25E52C}"
EndProject
Project("{FAE04EC0-301F-11D3-BF4B-00C04F79EFBC}") = "NSE.Pagamento.API", "src\services\NSE.Pagamento.API\NSE.Pagamento.API.csproj", "{8AC11273-4D80-40B0-A1B5-DEDBD176BE21}"
EndProject
Project("{FAE04EC0-301F-11D3-BF4B-00C04F79EFBC}") = "NSE.Pedido.API", "src\services\NSE.Pedido.API\NSE.Pedido.API.csproj", "{1BF36598-DDFD-4292-B041-5ACEBFDE5738}"
EndProject
Global
	GlobalSection(SolutionConfigurationPlatforms) = preSolution
		Debug|Any CPU = Debug|Any CPU
		Release|Any CPU = Release|Any CPU
	EndGlobalSection
	GlobalSection(ProjectConfigurationPlatforms) = postSolution
		{2B9CA3E7-5CAC-4E49-AF67-AD63C9D63A2B}.Debug|Any CPU.ActiveCfg = Debug|Any CPU
		{2B9CA3E7-5CAC-4E49-AF67-AD63C9D63A2B}.Debug|Any CPU.Build.0 = Debug|Any CPU
		{2B9CA3E7-5CAC-4E49-AF67-AD63C9D63A2B}.Release|Any CPU.ActiveCfg = Release|Any CPU
		{2B9CA3E7-5CAC-4E49-AF67-AD63C9D63A2B}.Release|Any CPU.Build.0 = Release|Any CPU
		{13601837-999E-4592-8AEA-99514CA276E5}.Debug|Any CPU.ActiveCfg = Debug|Any CPU
		{13601837-999E-4592-8AEA-99514CA276E5}.Debug|Any CPU.Build.0 = Debug|Any CPU
		{13601837-999E-4592-8AEA-99514CA276E5}.Release|Any CPU.ActiveCfg = Release|Any CPU
		{13601837-999E-4592-8AEA-99514CA276E5}.Release|Any CPU.Build.0 = Release|Any CPU
		{695DEF78-97C3-4265-8DD2-D99C2C7899CD}.Debug|Any CPU.ActiveCfg = Debug|Any CPU
		{695DEF78-97C3-4265-8DD2-D99C2C7899CD}.Debug|Any CPU.Build.0 = Debug|Any CPU
		{695DEF78-97C3-4265-8DD2-D99C2C7899CD}.Release|Any CPU.ActiveCfg = Release|Any CPU
		{695DEF78-97C3-4265-8DD2-D99C2C7899CD}.Release|Any CPU.Build.0 = Release|Any CPU
		{4F69BEEB-BDA9-4133-825B-82087AD18253}.Debug|Any CPU.ActiveCfg = Debug|Any CPU
		{4F69BEEB-BDA9-4133-825B-82087AD18253}.Debug|Any CPU.Build.0 = Debug|Any CPU
		{4F69BEEB-BDA9-4133-825B-82087AD18253}.Release|Any CPU.ActiveCfg = Release|Any CPU
		{4F69BEEB-BDA9-4133-825B-82087AD18253}.Release|Any CPU.Build.0 = Release|Any CPU
		{D3EF9DD3-2969-40E3-8BFF-52EF08C39CF9}.Debug|Any CPU.ActiveCfg = Debug|Any CPU
		{D3EF9DD3-2969-40E3-8BFF-52EF08C39CF9}.Debug|Any CPU.Build.0 = Debug|Any CPU
		{D3EF9DD3-2969-40E3-8BFF-52EF08C39CF9}.Release|Any CPU.ActiveCfg = Release|Any CPU
		{D3EF9DD3-2969-40E3-8BFF-52EF08C39CF9}.Release|Any CPU.Build.0 = Release|Any CPU
		{91C6397B-7065-43B1-8C44-ED74F9307621}.Debug|Any CPU.ActiveCfg = Debug|Any CPU
		{91C6397B-7065-43B1-8C44-ED74F9307621}.Debug|Any CPU.Build.0 = Debug|Any CPU
		{91C6397B-7065-43B1-8C44-ED74F9307621}.Release|Any CPU.ActiveCfg = Release|Any CPU
		{91C6397B-7065-43B1-8C44-ED74F9307621}.Release|Any CPU.Build.0 = Release|Any CPU
		{8AC11273-4D80-40B0-A1B5-DEDBD176BE21}.Debug|Any CPU.ActiveCfg = Debug|Any CPU
		{8AC11273-4D80-40B0-A1B5-DEDBD176BE21}.Debug|Any CPU.Build.0 = Debug|Any CPU
		{8AC11273-4D80-40B0-A1B5-DEDBD176BE21}.Release|Any CPU.ActiveCfg = Release|Any CPU
		{8AC11273-4D80-40B0-A1B5-DEDBD176BE21}.Release|Any CPU.Build.0 = Release|Any CPU
		{1BF36598-DDFD-4292-B041-5ACEBFDE5738}.Debug|Any CPU.ActiveCfg = Debug|Any CPU
		{1BF36598-DDFD-4292-B041-5ACEBFDE5738}.Debug|Any CPU.Build.0 = Debug|Any CPU
		{1BF36598-DDFD-4292-B041-5ACEBFDE5738}.Release|Any CPU.ActiveCfg = Release|Any CPU
		{1BF36598-DDFD-4292-B041-5ACEBFDE5738}.Release|Any CPU.Build.0 = Release|Any CPU
	EndGlobalSection
	GlobalSection(SolutionProperties) = preSolution
		HideSolutionNode = FALSE
	EndGlobalSection
	GlobalSection(NestedProjects) = preSolution
		{026417F3-7034-4953-8D55-55FA6372C9AD} = {542F5B70-837E-45A5-BB7C-FD1783BE5B83}
		{DB723380-E328-4C1F-83D5-AFF8DAA9CDC9} = {542F5B70-837E-45A5-BB7C-FD1783BE5B83}
		{8C4AE34F-A657-4AF9-A1CD-C990FFC8C6D0} = {542F5B70-837E-45A5-BB7C-FD1783BE5B83}
		{D70BCA78-184C-4725-AE78-41127D1B0CFE} = {DB723380-E328-4C1F-83D5-AFF8DAA9CDC9}
		{4D2E5EF0-3046-4F2A-AC22-87AA3541F154} = {8C4AE34F-A657-4AF9-A1CD-C990FFC8C6D0}
		{2B9CA3E7-5CAC-4E49-AF67-AD63C9D63A2B} = {4D2E5EF0-3046-4F2A-AC22-87AA3541F154}
		{13601837-999E-4592-8AEA-99514CA276E5} = {D70BCA78-184C-4725-AE78-41127D1B0CFE}
		{9A2F816D-1D87-4034-970F-6B17B497E761} = {026417F3-7034-4953-8D55-55FA6372C9AD}
		{695DEF78-97C3-4265-8DD2-D99C2C7899CD} = {9A2F816D-1D87-4034-970F-6B17B497E761}
		{56E77845-9149-46F8-BC13-5BDC47FAC50B} = {DB723380-E328-4C1F-83D5-AFF8DAA9CDC9}
		{4F69BEEB-BDA9-4133-825B-82087AD18253} = {56E77845-9149-46F8-BC13-5BDC47FAC50B}
		{2EA6403E-42F4-4F8E-AC62-B38F7B32A1B5} = {DB723380-E328-4C1F-83D5-AFF8DAA9CDC9}
		{D3EF9DD3-2969-40E3-8BFF-52EF08C39CF9} = {2EA6403E-42F4-4F8E-AC62-B38F7B32A1B5}
		{2F4F362C-E79D-4975-BCAA-0CCA375D2A4E} = {DB723380-E328-4C1F-83D5-AFF8DAA9CDC9}
		{91C6397B-7065-43B1-8C44-ED74F9307621} = {2F4F362C-E79D-4975-BCAA-0CCA375D2A4E}
		{7C254251-757E-453B-9E6D-CEEE6F4FD6D8} = {DB723380-E328-4C1F-83D5-AFF8DAA9CDC9}
		{BEA5033F-3BBC-4B3A-B2B4-614D5A25E52C} = {DB723380-E328-4C1F-83D5-AFF8DAA9CDC9}
		{8AC11273-4D80-40B0-A1B5-DEDBD176BE21} = {7C254251-757E-453B-9E6D-CEEE6F4FD6D8}
		{1BF36598-DDFD-4292-B041-5ACEBFDE5738} = {BEA5033F-3BBC-4B3A-B2B4-614D5A25E52C}
	EndGlobalSection
EndGlobal
